
Microsoft Visual Studio Solution File, Format Version 12.00
# Visual Studio Version 17
VisualStudioVersion = 17.6.33815.320
MinimumVisualStudioVersion = 10.0.40219.1
Project("{888888A0-9F3D-457C-B088-3A5042F75D52}") = "WordCollector", "WordCollector\WordCollector.pyproj", "{36268736-C6C5-46B4-ACDB-3C850FC3AB90}"
EndProject
Global
	GlobalSection(SolutionConfigurationPlatforms) = preSolution
		Debug|Any CPU = Debug|Any CPU
		Release|Any CPU = Release|Any CPU
	EndGlobalSection
	GlobalSection(ProjectConfigurationPlatforms) = postSolution
		{36268736-C6C5-46B4-ACDB-3C850FC3AB90}.Debug|Any CPU.ActiveCfg = Debug|Any CPU
		{36268736-C6C5-46B4-ACDB-3C850FC3AB90}.Release|Any CPU.ActiveCfg = Release|Any CPU
	EndGlobalSection
	GlobalSection(SolutionProperties) = preSolution
		HideSolutionNode = FALSE
	EndGlobalSection
	GlobalSection(ExtensibilityGlobals) = postSolution
		SolutionGuid = {8F9FCFA2-2B06-4242-8440-B8F0AB76800E}
	EndGlobalSection
EndGlobal
